
Microsoft Visual Studio Solution File, Format Version 12.00
# Visual Studio 15
VisualStudioVersion = 15.0.28010.2036
MinimumVisualStudioVersion = 10.0.40219.1
Project("{8BC9CEB8-8B4A-11D0-8D11-00A0C91BC942}") = "UltraCalculator", "UltraCalculator\UltraCalculator.vcxproj", "{4F7B2C36-2754-4BF1-8E72-F2BDF8E02FEA}"
EndProject
Global
	GlobalSection(SolutionConfigurationPlatforms) = preSolution
		Debug|x64 = Debug|x64
		Debug|x86 = Debug|x86
		Release|x64 = Release|x64
		Release|x86 = Release|x86
	EndGlobalSection
	GlobalSection(ProjectConfigurationPlatforms) = postSolution
		{4F7B2C36-2754-4BF1-8E72-F2BDF8E02FEA}.Debug|x64.ActiveCfg = Debug|x64
		{4F7B2C36-2754-4BF1-8E72-F2BDF8E02FEA}.Debug|x64.Build.0 = Debug|x64
		{4F7B2C36-2754-4BF1-8E72-F2BDF8E02FEA}.Debug|x86.ActiveCfg = Debug|Win32
		{4F7B2C36-2754-4BF1-8E72-F2BDF8E02FEA}.Debug|x86.Build.0 = Debug|Win32
		{4F7B2C36-2754-4BF1-8E72-F2BDF8E02FEA}.Release|x64.ActiveCfg = Release|x64
		{4F7B2C36-2754-4BF1-8E72-F2BDF8E02FEA}.Release|x64.Build.0 = Release|x64
		{4F7B2C36-2754-4BF1-8E72-F2BDF8E02FEA}.Release|x86.ActiveCfg = Release|Win32
		{4F7B2C36-2754-4BF1-8E72-F2BDF8E02FEA}.Release|x86.Build.0 = Release|Win32
	EndGlobalSection
	GlobalSection(SolutionProperties) = preSolution
		HideSolutionNode = FALSE
	EndGlobalSection
	GlobalSection(ExtensibilityGlobals) = postSolution
		SolutionGuid = {6FD575DD-05D3-4A3E-8E4E-2D08926C64BA}
	EndGlobalSection
EndGlobal
